
Microsoft Visual Studio Solution File, Format Version 12.00
# Visual Studio Version 17
VisualStudioVersion = 17.11.35312.102
MinimumVisualStudioVersion = 10.0.40219.1
Project("{FAE04EC0-301F-11D3-BF4B-00C04F79EFBC}") = "Constructor-in-CSharp", "Constructor-in-CSharp\Constructor-in-CSharp.csproj", "{A26EAF7C-212D-4E0B-911F-082DFDB8361B}"
EndProject
Global
	GlobalSection(SolutionConfigurationPlatforms) = preSolution
		Debug|Any CPU = Debug|Any CPU
		Release|Any CPU = Release|Any CPU
	EndGlobalSection
	GlobalSection(ProjectConfigurationPlatforms) = postSolution
		{A26EAF7C-212D-4E0B-911F-082DFDB8361B}.Debug|Any CPU.ActiveCfg = Debug|Any CPU
		{A26EAF7C-212D-4E0B-911F-082DFDB8361B}.Debug|Any CPU.Build.0 = Debug|Any CPU
		{A26EAF7C-212D-4E0B-911F-082DFDB8361B}.Release|Any CPU.ActiveCfg = Release|Any CPU
		{A26EAF7C-212D-4E0B-911F-082DFDB8361B}.Release|Any CPU.Build.0 = Release|Any CPU
	EndGlobalSection
	GlobalSection(SolutionProperties) = preSolution
		HideSolutionNode = FALSE
	EndGlobalSection
	GlobalSection(ExtensibilityGlobals) = postSolution
		SolutionGuid = {29044999-DE24-4BA7-BAA7-A50139420ADD}
	EndGlobalSection
EndGlobal
