
Microsoft Visual Studio Solution File, Format Version 12.00
# Visual Studio Version 17
VisualStudioVersion = 17.11.35312.102
MinimumVisualStudioVersion = 10.0.40219.1
Project("{FAE04EC0-301F-11D3-BF4B-00C04F79EFBC}") = "ExceptionHandling_in_CSharp", "ExceptionHandling_in_CSharp\ExceptionHandling_in_CSharp.csproj", "{AFB307D6-1302-4B56-855E-62A8D652CFF4}"
EndProject
Global
	GlobalSection(SolutionConfigurationPlatforms) = preSolution
		Debug|Any CPU = Debug|Any CPU
		Release|Any CPU = Release|Any CPU
	EndGlobalSection
	GlobalSection(ProjectConfigurationPlatforms) = postSolution
		{AFB307D6-1302-4B56-855E-62A8D652CFF4}.Debug|Any CPU.ActiveCfg = Debug|Any CPU
		{AFB307D6-1302-4B56-855E-62A8D652CFF4}.Debug|Any CPU.Build.0 = Debug|Any CPU
		{AFB307D6-1302-4B56-855E-62A8D652CFF4}.Release|Any CPU.ActiveCfg = Release|Any CPU
		{AFB307D6-1302-4B56-855E-62A8D652CFF4}.Release|Any CPU.Build.0 = Release|Any CPU
	EndGlobalSection
	GlobalSection(SolutionProperties) = preSolution
		HideSolutionNode = FALSE
	EndGlobalSection
	GlobalSection(ExtensibilityGlobals) = postSolution
		SolutionGuid = {C960E3AC-19FA-4113-AF71-28B0CB7F90B9}
	EndGlobalSection
EndGlobal
