
Microsoft Visual Studio Solution File, Format Version 12.00
# Visual Studio Version 17
VisualStudioVersion = 17.11.35312.102
MinimumVisualStudioVersion = 10.0.40219.1
Project("{FAE04EC0-301F-11D3-BF4B-00C04F79EFBC}") = "dynamic_tables", "dynamic_tables\dynamic_tables.csproj", "{66911497-518B-4020-95EC-5E0B7A0FE010}"
EndProject
Global
	GlobalSection(SolutionConfigurationPlatforms) = preSolution
		Debug|Any CPU = Debug|Any CPU
		Release|Any CPU = Release|Any CPU
	EndGlobalSection
	GlobalSection(ProjectConfigurationPlatforms) = postSolution
		{66911497-518B-4020-95EC-5E0B7A0FE010}.Debug|Any CPU.ActiveCfg = Debug|Any CPU
		{66911497-518B-4020-95EC-5E0B7A0FE010}.Debug|Any CPU.Build.0 = Debug|Any CPU
		{66911497-518B-4020-95EC-5E0B7A0FE010}.Release|Any CPU.ActiveCfg = Release|Any CPU
		{66911497-518B-4020-95EC-5E0B7A0FE010}.Release|Any CPU.Build.0 = Release|Any CPU
	EndGlobalSection
	GlobalSection(SolutionProperties) = preSolution
		HideSolutionNode = FALSE
	EndGlobalSection
	GlobalSection(ExtensibilityGlobals) = postSolution
		SolutionGuid = {A2128976-00E5-4EF7-A11C-0C05BD18474A}
	EndGlobalSection
EndGlobal
