
Microsoft Visual Studio Solution File, Format Version 12.00
# Visual Studio Version 17
VisualStudioVersion = 17.11.35312.102
MinimumVisualStudioVersion = 10.0.40219.1
Project("{FAE04EC0-301F-11D3-BF4B-00C04F79EFBC}") = "Number_Guessing_Game", "Number_Guessing_Game\Number_Guessing_Game.csproj", "{783E52C0-7E3A-479B-98EE-FD9D1CF18086}"
EndProject
Global
	GlobalSection(SolutionConfigurationPlatforms) = preSolution
		Debug|Any CPU = Debug|Any CPU
		Release|Any CPU = Release|Any CPU
	EndGlobalSection
	GlobalSection(ProjectConfigurationPlatforms) = postSolution
		{783E52C0-7E3A-479B-98EE-FD9D1CF18086}.Debug|Any CPU.ActiveCfg = Debug|Any CPU
		{783E52C0-7E3A-479B-98EE-FD9D1CF18086}.Debug|Any CPU.Build.0 = Debug|Any CPU
		{783E52C0-7E3A-479B-98EE-FD9D1CF18086}.Release|Any CPU.ActiveCfg = Release|Any CPU
		{783E52C0-7E3A-479B-98EE-FD9D1CF18086}.Release|Any CPU.Build.0 = Release|Any CPU
	EndGlobalSection
	GlobalSection(SolutionProperties) = preSolution
		HideSolutionNode = FALSE
	EndGlobalSection
	GlobalSection(ExtensibilityGlobals) = postSolution
		SolutionGuid = {C61FFCA5-2B02-4FD4-8F0A-2849CFD40899}
	EndGlobalSection
EndGlobal
